// !$*UTF8*$!
{
	archiveVersion = 1;
	classes = {
	};
	objectVersion = 46;
	objects = {

/* Begin PBXBuildFile section */
		0B0C16561E696052006BFC33 /* AddPlace.swift in Sources */ = {isa = PBXBuildFile; fileRef = 0B0C16551E696052006BFC33 /* AddPlace.swift */; };
		0B0C16581E696C72006BFC33 /* Calculations.swift in Sources */ = {isa = PBXBuildFile; fileRef = 0B0C16571E696C72006BFC33 /* Calculations.swift */; };
		0B4869191E66E85900D69B19 /* AppDelegate.swift in Sources */ = {isa = PBXBuildFile; fileRef = 0B4869181E66E85900D69B19 /* AppDelegate.swift */; };
		0B48691B1E66E85900D69B19 /* ViewController.swift in Sources */ = {isa = PBXBuildFile; fileRef = 0B48691A1E66E85900D69B19 /* ViewController.swift */; };
		0B48691E1E66E85900D69B19 /* Main.storyboard in Resources */ = {isa = PBXBuildFile; fileRef = 0B48691C1E66E85900D69B19 /* Main.storyboard */; };
		0B4869201E66E85900D69B19 /* Assets.xcassets in Resources */ = {isa = PBXBuildFile; fileRef = 0B48691F1E66E85900D69B19 /* Assets.xcassets */; };
		0B4869231E66E85900D69B19 /* LaunchScreen.storyboard in Resources */ = {isa = PBXBuildFile; fileRef = 0B4869211E66E85900D69B19 /* LaunchScreen.storyboard */; };
		0B48692E1E66E85900D69B19 /* Lab4Tests.swift in Sources */ = {isa = PBXBuildFile; fileRef = 0B48692D1E66E85900D69B19 /* Lab4Tests.swift */; };
		0B4869391E66E85900D69B19 /* Lab4UITests.swift in Sources */ = {isa = PBXBuildFile; fileRef = 0B4869381E66E85900D69B19 /* Lab4UITests.swift */; };
		0B4869471E66E9E100D69B19 /* PlaceDescription.swift in Sources */ = {isa = PBXBuildFile; fileRef = 0B4869461E66E9E100D69B19 /* PlaceDescription.swift */; };
		0B4869491E66E9F700D69B19 /* PlaceLibrary.swift in Sources */ = {isa = PBXBuildFile; fileRef = 0B4869481E66E9F700D69B19 /* PlaceLibrary.swift */; };
		0B50DD5C1E96133700CB2A7A /* PlacesStub.swift in Sources */ = {isa = PBXBuildFile; fileRef = 0B50DD5B1E96133700CB2A7A /* PlacesStub.swift */; };
		0B7B60191E686D660094DA28 /* PlaceList.swift in Sources */ = {isa = PBXBuildFile; fileRef = 0B7B60181E686D660094DA28 /* PlaceList.swift */; };
/* End PBXBuildFile section */

/* Begin PBXContainerItemProxy section */
		0B48692A1E66E85900D69B19 /* PBXContainerItemProxy */ = {
			isa = PBXContainerItemProxy;
			containerPortal = 0B48690D1E66E85800D69B19 /* Project object */;
			proxyType = 1;
			remoteGlobalIDString = 0B4869141E66E85800D69B19;
			remoteInfo = Lab4;
		};
		0B4869351E66E85900D69B19 /* PBXContainerItemProxy */ = {
			isa = PBXContainerItemProxy;
			containerPortal = 0B48690D1E66E85800D69B19 /* Project object */;
			proxyType = 1;
			remoteGlobalIDString = 0B4869141E66E85800D69B19;
			remoteInfo = Lab4;
		};
/* End PBXContainerItemProxy section */

/* Begin PBXFileReference section */
		0B0C16551E696052006BFC33 /* AddPlace.swift */ = {isa = PBXFileReference; fileEncoding = 4; lastKnownFileType = sourcecode.swift; path = AddPlace.swift; sourceTree = "<group>"; };
		0B0C16571E696C72006BFC33 /* Calculations.swift */ = {isa = PBXFileReference; fileEncoding = 4; lastKnownFileType = sourcecode.swift; path = Calculations.swift; sourceTree = "<group>"; };
		0B4869151E66E85900D69B19 /* Lab4.app */ = {isa = PBXFileReference; explicitFileType = wrapper.application; includeInIndex = 0; path = Lab4.app; sourceTree = BUILT_PRODUCTS_DIR; };
		0B4869181E66E85900D69B19 /* AppDelegate.swift */ = {isa = PBXFileReference; lastKnownFileType = sourcecode.swift; path = AppDelegate.swift; sourceTree = "<group>"; };
		0B48691A1E66E85900D69B19 /* ViewController.swift */ = {isa = PBXFileReference; lastKnownFileType = sourcecode.swift; path = ViewController.swift; sourceTree = "<group>"; wrapsLines = 0; };
		0B48691D1E66E85900D69B19 /* Base */ = {isa = PBXFileReference; lastKnownFileType = file.storyboard; name = Base; path = Base.lproj/Main.storyboard; sourceTree = "<group>"; };
		0B48691F1E66E85900D69B19 /* Assets.xcassets */ = {isa = PBXFileReference; lastKnownFileType = folder.assetcatalog; path = Assets.xcassets; sourceTree = "<group>"; };
		0B4869221E66E85900D69B19 /* Base */ = {isa = PBXFileReference; lastKnownFileType = file.storyboard; name = Base; path = Base.lproj/LaunchScreen.storyboard; sourceTree = "<group>"; };
		0B4869241E66E85900D69B19 /* Info.plist */ = {isa = PBXFileReference; lastKnownFileType = text.plist.xml; path = Info.plist; sourceTree = "<group>"; };
		0B4869291E66E85900D69B19 /* Lab4Tests.xctest */ = {isa = PBXFileReference; explicitFileType = wrapper.cfbundle; includeInIndex = 0; path = Lab4Tests.xctest; sourceTree = BUILT_PRODUCTS_DIR; };
		0B48692D1E66E85900D69B19 /* Lab4Tests.swift */ = {isa = PBXFileReference; lastKnownFileType = sourcecode.swift; path = Lab4Tests.swift; sourceTree = "<group>"; };
		0B48692F1E66E85900D69B19 /* Info.plist */ = {isa = PBXFileReference; lastKnownFileType = text.plist.xml; path = Info.plist; sourceTree = "<group>"; };
		0B4869341E66E85900D69B19 /* Lab4UITests.xctest */ = {isa = PBXFileReference; explicitFileType = wrapper.cfbundle; includeInIndex = 0; path = Lab4UITests.xctest; sourceTree = BUILT_PRODUCTS_DIR; };
		0B4869381E66E85900D69B19 /* Lab4UITests.swift */ = {isa = PBXFileReference; lastKnownFileType = sourcecode.swift; path = Lab4UITests.swift; sourceTree = "<group>"; };
		0B48693A1E66E85900D69B19 /* Info.plist */ = {isa = PBXFileReference; lastKnownFileType = text.plist.xml; path = Info.plist; sourceTree = "<group>"; };
		0B4869461E66E9E100D69B19 /* PlaceDescription.swift */ = {isa = PBXFileReference; fileEncoding = 4; lastKnownFileType = sourcecode.swift; path = PlaceDescription.swift; sourceTree = "<group>"; };
		0B4869481E66E9F700D69B19 /* PlaceLibrary.swift */ = {isa = PBXFileReference; fileEncoding = 4; lastKnownFileType = sourcecode.swift; path = PlaceLibrary.swift; sourceTree = "<group>"; };
		0B50DD5B1E96133700CB2A7A /* PlacesStub.swift */ = {isa = PBXFileReference; fileEncoding = 4; lastKnownFileType = sourcecode.swift; path = PlacesStub.swift; sourceTree = "<group>"; };
		0B7B60181E686D660094DA28 /* PlaceList.swift */ = {isa = PBXFileReference; fileEncoding = 4; lastKnownFileType = sourcecode.swift; path = PlaceList.swift; sourceTree = "<group>"; };
/* End PBXFileReference section */

/* Begin PBXFrameworksBuildPhase section */
		0B4869121E66E85800D69B19 /* Frameworks */ = {
			isa = PBXFrameworksBuildPhase;
			buildActionMask = 2147483647;
			files = (
			);
			runOnlyForDeploymentPostprocessing = 0;
		};
		0B4869261E66E85900D69B19 /* Frameworks */ = {
			isa = PBXFrameworksBuildPhase;
			buildActionMask = 2147483647;
			files = (
			);
			runOnlyForDeploymentPostprocessing = 0;
		};
		0B4869311E66E85900D69B19 /* Frameworks */ = {
			isa = PBXFrameworksBuildPhase;
			buildActionMask = 2147483647;
			files = (
			);
			runOnlyForDeploymentPostprocessing = 0;
		};
/* End PBXFrameworksBuildPhase section */

/* Begin PBXGroup section */
		0B48690C1E66E85800D69B19 = {
			isa = PBXGroup;
			children = (
				0B4869171E66E85900D69B19 /* Lab4 */,
				0B48692C1E66E85900D69B19 /* Lab4Tests */,
				0B4869371E66E85900D69B19 /* Lab4UITests */,
				0B4869161E66E85900D69B19 /* Products */,
			);
			sourceTree = "<group>";
		};
		0B4869161E66E85900D69B19 /* Products */ = {
			isa = PBXGroup;
			children = (
				0B4869151E66E85900D69B19 /* Lab4.app */,
				0B4869291E66E85900D69B19 /* Lab4Tests.xctest */,
				0B4869341E66E85900D69B19 /* Lab4UITests.xctest */,
			);
			name = Products;
			sourceTree = "<group>";
		};
		0B4869171E66E85900D69B19 /* Lab4 */ = {
			isa = PBXGroup;
			children = (
				0B4869181E66E85900D69B19 /* AppDelegate.swift */,
				0B0C16551E696052006BFC33 /* AddPlace.swift */,
				0B0C16571E696C72006BFC33 /* Calculations.swift */,
				0B7B60181E686D660094DA28 /* PlaceList.swift */,
				0B48691A1E66E85900D69B19 /* ViewController.swift */,
				0B4869461E66E9E100D69B19 /* PlaceDescription.swift */,
				0B4869481E66E9F700D69B19 /* PlaceLibrary.swift */,
				0B48691C1E66E85900D69B19 /* Main.storyboard */,
				0B48691F1E66E85900D69B19 /* Assets.xcassets */,
				0B4869211E66E85900D69B19 /* LaunchScreen.storyboard */,
				0B4869241E66E85900D69B19 /* Info.plist */,
				0B50DD5B1E96133700CB2A7A /* PlacesStub.swift */,
			);
			path = Lab4;
			sourceTree = "<group>";
		};
		0B48692C1E66E85900D69B19 /* Lab4Tests */ = {
			isa = PBXGroup;
			children = (
				0B48692D1E66E85900D69B19 /* Lab4Tests.swift */,
				0B48692F1E66E85900D69B19 /* Info.plist */,
			);
			path = Lab4Tests;
			sourceTree = "<group>";
		};
		0B4869371E66E85900D69B19 /* Lab4UITests */ = {
			isa = PBXGroup;
			children = (
				0B4869381E66E85900D69B19 /* Lab4UITests.swift */,
				0B48693A1E66E85900D69B19 /* Info.plist */,
			);
			path = Lab4UITests;
			sourceTree = "<group>";
		};
/* End PBXGroup section */

/* Begin PBXNativeTarget section */
		0B4869141E66E85800D69B19 /* Lab4 */ = {
			isa = PBXNativeTarget;
			buildConfigurationList = 0B48693D1E66E85900D69B19 /* Build configuration list for PBXNativeTarget "Lab4" */;
			buildPhases = (
				0B4869111E66E85800D69B19 /* Sources */,
				0B4869121E66E85800D69B19 /* Frameworks */,
				0B4869131E66E85800D69B19 /* Resources */,
			);
			buildRules = (
			);
			dependencies = (
			);
			name = Lab4;
			productName = Lab4;
			productReference = 0B4869151E66E85900D69B19 /* Lab4.app */;
			productType = "com.apple.product-type.application";
		};
		0B4869281E66E85900D69B19 /* Lab4Tests */ = {
			isa = PBXNativeTarget;
			buildConfigurationList = 0B4869401E66E85900D69B19 /* Build configuration list for PBXNativeTarget "Lab4Tests" */;
			buildPhases = (
				0B4869251E66E85900D69B19 /* Sources */,
				0B4869261E66E85900D69B19 /* Frameworks */,
				0B4869271E66E85900D69B19 /* Resources */,
			);
			buildRules = (
			);
			dependencies = (
				0B48692B1E66E85900D69B19 /* PBXTargetDependency */,
			);
			name = Lab4Tests;
			productName = Lab4Tests;
			productReference = 0B4869291E66E85900D69B19 /* Lab4Tests.xctest */;
			productType = "com.apple.product-type.bundle.unit-test";
		};
		0B4869331E66E85900D69B19 /* Lab4UITests */ = {
			isa = PBXNativeTarget;
			buildConfigurationList = 0B4869431E66E85900D69B19 /* Build configuration list for PBXNativeTarget "Lab4UITests" */;
			buildPhases = (
				0B4869301E66E85900D69B19 /* Sources */,
				0B4869311E66E85900D69B19 /* Frameworks */,
				0B4869321E66E85900D69B19 /* Resources */,
			);
			buildRules = (
			);
			dependencies = (
				0B4869361E66E85900D69B19 /* PBXTargetDependency */,
			);
			name = Lab4UITests;
			productName = Lab4UITests;
			productReference = 0B4869341E66E85900D69B19 /* Lab4UITests.xctest */;
			productType = "com.apple.product-type.bundle.ui-testing";
		};
/* End PBXNativeTarget section */

/* Begin PBXProject section */
		0B48690D1E66E85800D69B19 /* Project object */ = {
			isa = PBXProject;
			attributes = {
				LastSwiftUpdateCheck = 0820;
				LastUpgradeCheck = 0820;
				ORGANIZATIONNAME = mazaval4;
				TargetAttributes = {
					0B4869141E66E85800D69B19 = {
						CreatedOnToolsVersion = 8.2.1;
						ProvisioningStyle = Automatic;
					};
					0B4869281E66E85900D69B19 = {
						CreatedOnToolsVersion = 8.2.1;
						ProvisioningStyle = Automatic;
						TestTargetID = 0B4869141E66E85800D69B19;
					};
					0B4869331E66E85900D69B19 = {
						CreatedOnToolsVersion = 8.2.1;
						ProvisioningStyle = Automatic;
						TestTargetID = 0B4869141E66E85800D69B19;
					};
				};
			};
			buildConfigurationList = 0B4869101E66E85800D69B19 /* Build configuration list for PBXProject "Lab4" */;
			compatibilityVersion = "Xcode 3.2";
			developmentRegion = English;
			hasScannedForEncodings = 0;
			knownRegions = (
				en,
				Base,
			);
			mainGroup = 0B48690C1E66E85800D69B19;
			productRefGroup = 0B4869161E66E85900D69B19 /* Products */;
			projectDirPath = "";
			projectRoot = "";
			targets = (
				0B4869141E66E85800D69B19 /* Lab4 */,
				0B4869281E66E85900D69B19 /* Lab4Tests */,
				0B4869331E66E85900D69B19 /* Lab4UITests */,
			);
		};
/* End PBXProject section */

/* Begin PBXResourcesBuildPhase section */
		0B4869131E66E85800D69B19 /* Resources */ = {
			isa = PBXResourcesBuildPhase;
			buildActionMask = 2147483647;
			files = (
				0B4869231E66E85900D69B19 /* LaunchScreen.storyboard in Resources */,
				0B4869201E66E85900D69B19 /* Assets.xcassets in Resources */,
				0B48691E1E66E85900D69B19 /* Main.storyboard in Resources */,
			);
			runOnlyForDeploymentPostprocessing = 0;
		};
		0B4869271E66E85900D69B19 /* Resources */ = {
			isa = PBXResourcesBuildPhase;
			buildActionMask = 2147483647;
			files = (
			);
			runOnlyForDeploymentPostprocessing = 0;
		};
		0B4869321E66E85900D69B19 /* Resources */ = {
			isa = PBXResourcesBuildPhase;
			buildActionMask = 2147483647;
			files = (
			);
			runOnlyForDeploymentPostprocessing = 0;
		};
/* End PBXResourcesBuildPhase section */

/* Begin PBXSourcesBuildPhase section */
		0B4869111E66E85800D69B19 /* Sources */ = {
			isa = PBXSourcesBuildPhase;
			buildActionMask = 2147483647;
			files = (
				0B48691B1E66E85900D69B19 /* ViewController.swift in Sources */,
				0B50DD5C1E96133700CB2A7A /* PlacesStub.swift in Sources */,
				0B0C16561E696052006BFC33 /* AddPlace.swift in Sources */,
				0B7B60191E686D660094DA28 /* PlaceList.swift in Sources */,
				0B4869471E66E9E100D69B19 /* PlaceDescription.swift in Sources */,
				0B4869191E66E85900D69B19 /* AppDelegate.swift in Sources */,
				0B0C16581E696C72006BFC33 /* Calculations.swift in Sources */,
				0B4869491E66E9F700D69B19 /* PlaceLibrary.swift in Sources */,
			);
			runOnlyForDeploymentPostprocessing = 0;
		};
		0B4869251E66E85900D69B19 /* Sources */ = {
			isa = PBXSourcesBuildPhase;
			buildActionMask = 2147483647;
			files = (
				0B48692E1E66E85900D69B19 /* Lab4Tests.swift in Sources */,
			);
			runOnlyForDeploymentPostprocessing = 0;
		};
		0B4869301E66E85900D69B19 /* Sources */ = {
			isa = PBXSourcesBuildPhase;
			buildActionMask = 2147483647;
			files = (
				0B4869391E66E85900D69B19 /* Lab4UITests.swift in Sources */,
			);
			runOnlyForDeploymentPostprocessing = 0;
		};
/* End PBXSourcesBuildPhase section */

/* Begin PBXTargetDependency section */
		0B48692B1E66E85900D69B19 /* PBXTargetDependency */ = {
			isa = PBXTargetDependency;
			target = 0B4869141E66E85800D69B19 /* Lab4 */;
			targetProxy = 0B48692A1E66E85900D69B19 /* PBXContainerItemProxy */;
		};
		0B4869361E66E85900D69B19 /* PBXTargetDependency */ = {
			isa = PBXTargetDependency;
			target = 0B4869141E66E85800D69B19 /* Lab4 */;
			targetProxy = 0B4869351E66E85900D69B19 /* PBXContainerItemProxy */;
		};
/* End PBXTargetDependency section */

/* Begin PBXVariantGroup section */
		0B48691C1E66E85900D69B19 /* Main.storyboard */ = {
			isa = PBXVariantGroup;
			children = (
				0B48691D1E66E85900D69B19 /* Base */,
			);
			name = Main.storyboard;
			sourceTree = "<group>";
		};
		0B4869211E66E85900D69B19 /* LaunchScreen.storyboard */ = {
			isa = PBXVariantGroup;
			children = (
				0B4869221E66E85900D69B19 /* Base */,
			);
			name = LaunchScreen.storyboard;
			sourceTree = "<group>";
		};
/* End PBXVariantGroup section */

/* Begin XCBuildConfiguration section */
		0B48693B1E66E85900D69B19 /* Debug */ = {
			isa = XCBuildConfiguration;
			buildSettings = {
				ALWAYS_SEARCH_USER_PATHS = NO;
				CLANG_ANALYZER_NONNULL = YES;
				CLANG_CXX_LANGUAGE_STANDARD = "gnu++0x";
				CLANG_CXX_LIBRARY = "libc++";
				CLANG_ENABLE_MODULES = YES;
				CLANG_ENABLE_OBJC_ARC = YES;
				CLANG_WARN_BOOL_CONVERSION = YES;
				CLANG_WARN_CONSTANT_CONVERSION = YES;
				CLANG_WARN_DIRECT_OBJC_ISA_USAGE = YES_ERROR;
				CLANG_WARN_DOCUMENTATION_COMMENTS = YES;
				CLANG_WARN_EMPTY_BODY = YES;
				CLANG_WARN_ENUM_CONVERSION = YES;
				CLANG_WARN_INFINITE_RECURSION = YES;
				CLANG_WARN_INT_CONVERSION = YES;
				CLANG_WARN_OBJC_ROOT_CLASS = YES_ERROR;
				CLANG_WARN_SUSPICIOUS_MOVE = YES;
				CLANG_WARN_UNREACHABLE_CODE = YES;
				CLANG_WARN__DUPLICATE_METHOD_MATCH = YES;
				"CODE_SIGN_IDENTITY[sdk=iphoneos*]" = "iPhone Developer";
				COPY_PHASE_STRIP = NO;
				DEBUG_INFORMATION_FORMAT = dwarf;
				ENABLE_STRICT_OBJC_MSGSEND = YES;
				ENABLE_TESTABILITY = YES;
				GCC_C_LANGUAGE_STANDARD = gnu99;
				GCC_DYNAMIC_NO_PIC = NO;
				GCC_NO_COMMON_BLOCKS = YES;
				GCC_OPTIMIZATION_LEVEL = 0;
				GCC_PREPROCESSOR_DEFINITIONS = (
					"DEBUG=1",
					"$(inherited)",
				);
				GCC_WARN_64_TO_32_BIT_CONVERSION = YES;
				GCC_WARN_ABOUT_RETURN_TYPE = YES_ERROR;
				GCC_WARN_UNDECLARED_SELECTOR = YES;
				GCC_WARN_UNINITIALIZED_AUTOS = YES_AGGRESSIVE;
				GCC_WARN_UNUSED_FUNCTION = YES;
				GCC_WARN_UNUSED_VARIABLE = YES;
				IPHONEOS_DEPLOYMENT_TARGET = 10.2;
				MTL_ENABLE_DEBUG_INFO = YES;
				ONLY_ACTIVE_ARCH = YES;
				SDKROOT = iphoneos;
				SWIFT_ACTIVE_COMPILATION_CONDITIONS = DEBUG;
				SWIFT_OPTIMIZATION_LEVEL = "-Onone";
				TARGETED_DEVICE_FAMILY = "1,2";
			};
			name = Debug;
		};
		0B48693C1E66E85900D69B19 /* Release */ = {
			isa = XCBuildConfiguration;
			buildSettings = {
				ALWAYS_SEARCH_USER_PATHS = NO;
				CLANG_ANALYZER_NONNULL = YES;
				CLANG_CXX_LANGUAGE_STANDARD = "gnu++0x";
				CLANG_CXX_LIBRARY = "libc++";
				CLANG_ENABLE_MODULES = YES;
				CLANG_ENABLE_OBJC_ARC = YES;
				CLANG_WARN_BOOL_CONVERSION = YES;
				CLANG_WARN_CONSTANT_CONVERSION = YES;
				CLANG_WARN_DIRECT_OBJC_ISA_USAGE = YES_ERROR;
				CLANG_WARN_DOCUMENTATION_COMMENTS = YES;
				CLANG_WARN_EMPTY_BODY = YES;
				CLANG_WARN_ENUM_CONVERSION = YES;
				CLANG_WARN_INFINITE_RECURSION = YES;
				CLANG_WARN_INT_CONVERSION = YES;
				CLANG_WARN_OBJC_ROOT_CLASS = YES_ERROR;
				CLANG_WARN_SUSPICIOUS_MOVE = YES;
				CLANG_WARN_UNREACHABLE_CODE = YES;
				CLANG_WARN__DUPLICATE_METHOD_MATCH = YES;
				"CODE_SIGN_IDENTITY[sdk=iphoneos*]" = "iPhone Developer";
				COPY_PHASE_STRIP = NO;
				DEBUG_INFORMATION_FORMAT = "dwarf-with-dsym";
				ENABLE_NS_ASSERTIONS = NO;
				ENABLE_STRICT_OBJC_MSGSEND = YES;
				GCC_C_LANGUAGE_STANDARD = gnu99;
				GCC_NO_COMMON_BLOCKS = YES;
				GCC_WARN_64_TO_32_BIT_CONVERSION = YES;
				GCC_WARN_ABOUT_RETURN_TYPE = YES_ERROR;
				GCC_WARN_UNDECLARED_SELECTOR = YES;
				GCC_WARN_UNINITIALIZED_AUTOS = YES_AGGRESSIVE;
				GCC_WARN_UNUSED_FUNCTION = YES;
				GCC_WARN_UNUSED_VARIABLE = YES;
				IPHONEOS_DEPLOYMENT_TARGET = 10.2;
				MTL_ENABLE_DEBUG_INFO = NO;
				SDKROOT = iphoneos;
				SWIFT_OPTIMIZATION_LEVEL = "-Owholemodule";
				TARGETED_DEVICE_FAMILY = "1,2";
				VALIDATE_PRODUCT = YES;
			};
			name = Release;
		};
		0B48693E1E66E85900D69B19 /* Debug */ = {
			isa = XCBuildConfiguration;
			buildSettings = {
				ASSETCATALOG_COMPILER_APPICON_NAME = AppIcon;
				INFOPLIST_FILE = Lab4/Info.plist;
				LD_RUNPATH_SEARCH_PATHS = "$(inherited) @executable_path/Frameworks";
				PRODUCT_BUNDLE_IDENTIFIER = mazaval4.Lab4;
				PRODUCT_NAME = "$(TARGET_NAME)";
				SWIFT_VERSION = 3.0;
			};
			name = Debug;
		};
		0B48693F1E66E85900D69B19 /* Release */ = {
			isa = XCBuildConfiguration;
			buildSettings = {
				ASSETCATALOG_COMPILER_APPICON_NAME = AppIcon;
				INFOPLIST_FILE = Lab4/Info.plist;
				LD_RUNPATH_SEARCH_PATHS = "$(inherited) @executable_path/Frameworks";
				PRODUCT_BUNDLE_IDENTIFIER = mazaval4.Lab4;
				PRODUCT_NAME = "$(TARGET_NAME)";
				SWIFT_VERSION = 3.0;
			};
			name = Release;
		};
		0B4869411E66E85900D69B19 /* Debug */ = {
			isa = XCBuildConfiguration;
			buildSettings = {
				ALWAYS_EMBED_SWIFT_STANDARD_LIBRARIES = YES;
				BUNDLE_LOADER = "$(TEST_HOST)";
				INFOPLIST_FILE = Lab4Tests/Info.plist;
				LD_RUNPATH_SEARCH_PATHS = "$(inherited) @executable_path/Frameworks @loader_path/Frameworks";
				PRODUCT_BUNDLE_IDENTIFIER = mazaval4.Lab4Tests;
				PRODUCT_NAME = "$(TARGET_NAME)";
				SWIFT_VERSION = 3.0;
				TEST_HOST = "$(BUILT_PRODUCTS_DIR)/Lab4.app/Lab4";
			};
			name = Debug;
		};
		0B4869421E66E85900D69B19 /* Release */ = {
			isa = XCBuildConfiguration;
			buildSettings = {
				ALWAYS_EMBED_SWIFT_STANDARD_LIBRARIES = YES;
				BUNDLE_LOADER = "$(TEST_HOST)";
				INFOPLIST_FILE = Lab4Tests/Info.plist;
				LD_RUNPATH_SEARCH_PATHS = "$(inherited) @executable_path/Frameworks @loader_path/Frameworks";
				PRODUCT_BUNDLE_IDENTIFIER = mazaval4.Lab4Tests;
				PRODUCT_NAME = "$(TARGET_NAME)";
				SWIFT_VERSION = 3.0;
				TEST_HOST = "$(BUILT_PRODUCTS_DIR)/Lab4.app/Lab4";
			};
			name = Release;
		};
		0B4869441E66E85900D69B19 /* Debug */ = {
			isa = XCBuildConfiguration;
			buildSettings = {
				ALWAYS_EMBED_SWIFT_STANDARD_LIBRARIES = YES;
				INFOPLIST_FILE = Lab4UITests/Info.plist;
				LD_RUNPATH_SEARCH_PATHS = "$(inherited) @executable_path/Frameworks @loader_path/Frameworks";
				PRODUCT_BUNDLE_IDENTIFIER = mazaval4.Lab4UITests;
				PRODUCT_NAME = "$(TARGET_NAME)";
				SWIFT_VERSION = 3.0;
				TEST_TARGET_NAME = Lab4;
			};
			name = Debug;
		};
		0B4869451E66E85900D69B19 /* Release */ = {
			isa = XCBuildConfiguration;
			buildSettings = {
				ALWAYS_EMBED_SWIFT_STANDARD_LIBRARIES = YES;
				INFOPLIST_FILE = Lab4UITests/Info.plist;
				LD_RUNPATH_SEARCH_PATHS = "$(inherited) @executable_path/Frameworks @loader_path/Frameworks";
				PRODUCT_BUNDLE_IDENTIFIER = mazaval4.Lab4UITests;
				PRODUCT_NAME = "$(TARGET_NAME)";
				SWIFT_VERSION = 3.0;
				TEST_TARGET_NAME = Lab4;
			};
			name = Release;
		};
/* End XCBuildConfiguration section */

/* Begin XCConfigurationList section */
		0B4869101E66E85800D69B19 /* Build configuration list for PBXProject "Lab4" */ = {
			isa = XCConfigurationList;
			buildConfigurations = (
				0B48693B1E66E85900D69B19 /* Debug */,
				0B48693C1E66E85900D69B19 /* Release */,
			);
			defaultConfigurationIsVisible = 0;
			defaultConfigurationName = Release;
		};
		0B48693D1E66E85900D69B19 /* Build configuration list for PBXNativeTarget "Lab4" */ = {
			isa = XCConfigurationList;
			buildConfigurations = (
				0B48693E1E66E85900D69B19 /* Debug */,
				0B48693F1E66E85900D69B19 /* Release */,
			);
			defaultConfigurationIsVisible = 0;
			defaultConfigurationName = Release;
		};
		0B4869401E66E85900D69B19 /* Build configuration list for PBXNativeTarget "Lab4Tests" */ = {
			isa = XCConfigurationList;
			buildConfigurations = (
				0B4869411E66E85900D69B19 /* Debug */,
				0B4869421E66E85900D69B19 /* Release */,
			);
			defaultConfigurationIsVisible = 0;
			defaultConfigurationName = Release;
		};
		0B4869431E66E85900D69B19 /* Build configuration list for PBXNativeTarget "Lab4UITests" */ = {
			isa = XCConfigurationList;
			buildConfigurations = (
				0B4869441E66E85900D69B19 /* Debug */,
				0B4869451E66E85900D69B19 /* Release */,
			);
			defaultConfigurationIsVisible = 0;
			defaultConfigurationName = Release;
		};
/* End XCConfigurationList section */
	};
	rootObject = 0B48690D1E66E85800D69B19 /* Project object */;
}
